
Microsoft Visual Studio Solution File, Format Version 12.00
# Visual Studio 15
VisualStudioVersion = 15.0.27428.2037
MinimumVisualStudioVersion = 10.0.40219.1
Project("{9A19103F-16F7-4668-BE54-9A1E7A4F7556}") = "doix.gherkin_spec.core", "doix.gherkin_spec.core\doix.gherkin_spec.core.csproj", "{35A48454-357F-469A-98EB-52945D85D56A}"
EndProject
Project("{9A19103F-16F7-4668-BE54-9A1E7A4F7556}") = "doix.gherkin_spec.mstest", "doix.gherkin_spec.mstest\doix.gherkin_spec.mstest.csproj", "{3D7EBE7A-AAC0-4F32-BC92-67B3BE3012AD}"
EndProject
Project("{9A19103F-16F7-4668-BE54-9A1E7A4F7556}") = "doix.gherkin_spec.nunit", "doix.gherkin_spec.nunit\doix.gherkin_spec.nunit.csproj", "{E013C936-A770-4F36-9175-04565A55E473}"
EndProject
Project("{9A19103F-16F7-4668-BE54-9A1E7A4F7556}") = "doix.gherkin_spec.xunit", "doix.gherkin_spec.xunit\doix.gherkin_spec.xunit.csproj", "{EE9FFAB9-4515-4023-A7A1-5D09A890D574}"
EndProject
Project("{9A19103F-16F7-4668-BE54-9A1E7A4F7556}") = "doix.gherkin_spec.tests", "doix.gherkin_spec.tests\doix.gherkin_spec.tests.csproj", "{3B1D1872-7426-4133-9A6D-0D40ABEDC666}"
EndProject
Global
	GlobalSection(SolutionConfigurationPlatforms) = preSolution
		Debug|Any CPU = Debug|Any CPU
		Release|Any CPU = Release|Any CPU
	EndGlobalSection
	GlobalSection(ProjectConfigurationPlatforms) = postSolution
		{35A48454-357F-469A-98EB-52945D85D56A}.Debug|Any CPU.ActiveCfg = Debug|Any CPU
		{35A48454-357F-469A-98EB-52945D85D56A}.Debug|Any CPU.Build.0 = Debug|Any CPU
		{35A48454-357F-469A-98EB-52945D85D56A}.Release|Any CPU.ActiveCfg = Release|Any CPU
		{35A48454-357F-469A-98EB-52945D85D56A}.Release|Any CPU.Build.0 = Release|Any CPU
		{3D7EBE7A-AAC0-4F32-BC92-67B3BE3012AD}.Debug|Any CPU.ActiveCfg = Debug|Any CPU
		{3D7EBE7A-AAC0-4F32-BC92-67B3BE3012AD}.Debug|Any CPU.Build.0 = Debug|Any CPU
		{3D7EBE7A-AAC0-4F32-BC92-67B3BE3012AD}.Release|Any CPU.ActiveCfg = Release|Any CPU
		{3D7EBE7A-AAC0-4F32-BC92-67B3BE3012AD}.Release|Any CPU.Build.0 = Release|Any CPU
		{E013C936-A770-4F36-9175-04565A55E473}.Debug|Any CPU.ActiveCfg = Debug|Any CPU
		{E013C936-A770-4F36-9175-04565A55E473}.Debug|Any CPU.Build.0 = Debug|Any CPU
		{E013C936-A770-4F36-9175-04565A55E473}.Release|Any CPU.ActiveCfg = Release|Any CPU
		{E013C936-A770-4F36-9175-04565A55E473}.Release|Any CPU.Build.0 = Release|Any CPU
		{EE9FFAB9-4515-4023-A7A1-5D09A890D574}.Debug|Any CPU.ActiveCfg = Debug|Any CPU
		{EE9FFAB9-4515-4023-A7A1-5D09A890D574}.Debug|Any CPU.Build.0 = Debug|Any CPU
		{EE9FFAB9-4515-4023-A7A1-5D09A890D574}.Release|Any CPU.ActiveCfg = Release|Any CPU
		{EE9FFAB9-4515-4023-A7A1-5D09A890D574}.Release|Any CPU.Build.0 = Release|Any CPU
		{3B1D1872-7426-4133-9A6D-0D40ABEDC666}.Debug|Any CPU.ActiveCfg = Debug|Any CPU
		{3B1D1872-7426-4133-9A6D-0D40ABEDC666}.Debug|Any CPU.Build.0 = Debug|Any CPU
		{3B1D1872-7426-4133-9A6D-0D40ABEDC666}.Release|Any CPU.ActiveCfg = Release|Any CPU
		{3B1D1872-7426-4133-9A6D-0D40ABEDC666}.Release|Any CPU.Build.0 = Release|Any CPU
	EndGlobalSection
	GlobalSection(SolutionProperties) = preSolution
		HideSolutionNode = FALSE
	EndGlobalSection
	GlobalSection(ExtensibilityGlobals) = postSolution
		SolutionGuid = {286EEF47-707B-45C0-A6A7-C304EC8026C7}
	EndGlobalSection
EndGlobal
