
Microsoft Visual Studio Solution File, Format Version 12.00
# Visual Studio 15
VisualStudioVersion = 15.0.27428.2037
MinimumVisualStudioVersion = 10.0.40219.1
Project("{9A19103F-16F7-4668-BE54-9A1E7A4F7556}") = "GherkinSpec.Core", "GherkinSpec.Core\GherkinSpec.Core.csproj", "{337C2AFC-23F2-4128-99D5-B7DEBE19F39C}"
EndProject
Project("{9A19103F-16F7-4668-BE54-9A1E7A4F7556}") = "GherkinSpec.MSTest", "GherkinSpec.MSTest\GherkinSpec.MSTest.csproj", "{97BC6686-A1EC-4C93-A300-874983CDFFBE}"
EndProject
Project("{9A19103F-16F7-4668-BE54-9A1E7A4F7556}") = "GherkinSpec.NUnit", "GherkinSpec.NUnit\GherkinSpec.NUnit.csproj", "{A0187CEC-2234-4C54-A19A-7B9705D0DD8D}"
EndProject
Project("{9A19103F-16F7-4668-BE54-9A1E7A4F7556}") = "GherkinSpec.xUnit", "GherkinSpec.xUnit\GherkinSpec.xUnit.csproj", "{946A111E-F9F4-4772-A34A-85F0BCDAAD46}"
EndProject
Project("{9A19103F-16F7-4668-BE54-9A1E7A4F7556}") = "GherkinSpec.Tests", "GherkinSpec.Tests\GherkinSpec.Tests.csproj", "{B97143C8-195F-4C51-9634-129D679D588F}"
EndProject
Global
	GlobalSection(SolutionConfigurationPlatforms) = preSolution
		Debug|Any CPU = Debug|Any CPU
		Release|Any CPU = Release|Any CPU
	EndGlobalSection
	GlobalSection(ProjectConfigurationPlatforms) = postSolution
		{337C2AFC-23F2-4128-99D5-B7DEBE19F39C}.Debug|Any CPU.ActiveCfg = Debug|Any CPU
		{337C2AFC-23F2-4128-99D5-B7DEBE19F39C}.Debug|Any CPU.Build.0 = Debug|Any CPU
		{337C2AFC-23F2-4128-99D5-B7DEBE19F39C}.Release|Any CPU.ActiveCfg = Release|Any CPU
		{337C2AFC-23F2-4128-99D5-B7DEBE19F39C}.Release|Any CPU.Build.0 = Release|Any CPU
		{97BC6686-A1EC-4C93-A300-874983CDFFBE}.Debug|Any CPU.ActiveCfg = Debug|Any CPU
		{97BC6686-A1EC-4C93-A300-874983CDFFBE}.Debug|Any CPU.Build.0 = Debug|Any CPU
		{97BC6686-A1EC-4C93-A300-874983CDFFBE}.Release|Any CPU.ActiveCfg = Release|Any CPU
		{97BC6686-A1EC-4C93-A300-874983CDFFBE}.Release|Any CPU.Build.0 = Release|Any CPU
		{A0187CEC-2234-4C54-A19A-7B9705D0DD8D}.Debug|Any CPU.ActiveCfg = Debug|Any CPU
		{A0187CEC-2234-4C54-A19A-7B9705D0DD8D}.Debug|Any CPU.Build.0 = Debug|Any CPU
		{A0187CEC-2234-4C54-A19A-7B9705D0DD8D}.Release|Any CPU.ActiveCfg = Release|Any CPU
		{A0187CEC-2234-4C54-A19A-7B9705D0DD8D}.Release|Any CPU.Build.0 = Release|Any CPU
		{946A111E-F9F4-4772-A34A-85F0BCDAAD46}.Debug|Any CPU.ActiveCfg = Debug|Any CPU
		{946A111E-F9F4-4772-A34A-85F0BCDAAD46}.Debug|Any CPU.Build.0 = Debug|Any CPU
		{946A111E-F9F4-4772-A34A-85F0BCDAAD46}.Release|Any CPU.ActiveCfg = Release|Any CPU
		{946A111E-F9F4-4772-A34A-85F0BCDAAD46}.Release|Any CPU.Build.0 = Release|Any CPU
		{B97143C8-195F-4C51-9634-129D679D588F}.Debug|Any CPU.ActiveCfg = Debug|Any CPU
		{B97143C8-195F-4C51-9634-129D679D588F}.Debug|Any CPU.Build.0 = Debug|Any CPU
		{B97143C8-195F-4C51-9634-129D679D588F}.Release|Any CPU.ActiveCfg = Release|Any CPU
		{B97143C8-195F-4C51-9634-129D679D588F}.Release|Any CPU.Build.0 = Release|Any CPU
	EndGlobalSection
	GlobalSection(SolutionProperties) = preSolution
		HideSolutionNode = FALSE
	EndGlobalSection
	GlobalSection(ExtensibilityGlobals) = postSolution
		SolutionGuid = {286EEF47-707B-45C0-A6A7-C304EC8026C7}
	EndGlobalSection
EndGlobal
